
Microsoft Visual Studio Solution File, Format Version 12.00
# Visual Studio 2012
Project("{FAE04EC0-301F-11D3-BF4B-00C04F79EFBC}") = "DatabaseClassConverter", "DatabaseClassConverter.csproj", "{87D9D9F2-CE07-4950-AD73-BBA5394B1806}"
EndProject
Global
	GlobalSection(SolutionConfigurationPlatforms) = preSolution
		Debug|Any CPU = Debug|Any CPU
		Release|Any CPU = Release|Any CPU
	EndGlobalSection
	GlobalSection(ProjectConfigurationPlatforms) = postSolution
		{87D9D9F2-CE07-4950-AD73-BBA5394B1806}.Debug|Any CPU.ActiveCfg = Debug|Any CPU
		{87D9D9F2-CE07-4950-AD73-BBA5394B1806}.Debug|Any CPU.Build.0 = Debug|Any CPU
		{87D9D9F2-CE07-4950-AD73-BBA5394B1806}.Release|Any CPU.ActiveCfg = Release|Any CPU
		{87D9D9F2-CE07-4950-AD73-BBA5394B1806}.Release|Any CPU.Build.0 = Release|Any CPU
	EndGlobalSection
	GlobalSection(SolutionProperties) = preSolution
		HideSolutionNode = FALSE
	EndGlobalSection
EndGlobal
